{
  "pins" : [
    {
      "identity" : "bluesocket",
      "kind" : "remoteSourceControl",
      "location" : "https://github.com/Kitura/BlueSocket.git",
      "state" : {
        "revision" : "68ec325aa8649253a71d637099942f3298a70324",
        "version" : "2.0.1"
      }
    },
    {
      "identity" : "swift-argument-parser",
      "kind" : "remoteSourceControl",
      "location" : "https://github.com/apple/swift-argument-parser",
      "state" : {
        "revision" : "83b23d940471b313427da226196661856f6ba3e0",
        "version" : "0.4.4"
      }
    },
    {
      "identity" : "swordrpc",
      "kind" : "remoteSourceControl",
      "location" : "https://github.com/PKBeam/SwordRPC.git",
      "state" : {
        "branch" : "master",
        "revision" : "f9831261fcbe6a17243f8839921fb7820e99fa6e"
      }
    }
  ],
  "version" : 2
}
